
Microsoft Visual Studio Solution File, Format Version 12.00
# Visual Studio 2013
VisualStudioVersion = 12.0.30723.0
MinimumVisualStudioVersion = 10.0.40219.1
Project("{FAE04EC0-301F-11D3-BF4B-00C04F79EFBC}") = "UniversityCRUD", "UniversityCRUD\UniversityCRUD.csproj", "{5565DE47-98C9-4FC1-B0E5-E5C800B2E87E}"
EndProject
Project("{FAE04EC0-301F-11D3-BF4B-00C04F79EFBC}") = "UniversityCRUD.DA", "UniversityCRUD.DA\UniversityCRUD.DA.csproj", "{E100C104-8117-4CAA-99C5-6E8B6E50FBF3}"
EndProject
Project("{FAE04EC0-301F-11D3-BF4B-00C04F79EFBC}") = "UniversityCRUD.BO", "UniversityCRUD.BO\UniversityCRUD.BO.csproj", "{DFD08682-83EE-4155-9B44-064A3B1A04DC}"
EndProject
Global
	GlobalSection(SolutionConfigurationPlatforms) = preSolution
		Debug|Any CPU = Debug|Any CPU
		Release|Any CPU = Release|Any CPU
	EndGlobalSection
	GlobalSection(ProjectConfigurationPlatforms) = postSolution
		{5565DE47-98C9-4FC1-B0E5-E5C800B2E87E}.Debug|Any CPU.ActiveCfg = Debug|Any CPU
		{5565DE47-98C9-4FC1-B0E5-E5C800B2E87E}.Debug|Any CPU.Build.0 = Debug|Any CPU
		{5565DE47-98C9-4FC1-B0E5-E5C800B2E87E}.Release|Any CPU.ActiveCfg = Release|Any CPU
		{5565DE47-98C9-4FC1-B0E5-E5C800B2E87E}.Release|Any CPU.Build.0 = Release|Any CPU
		{E100C104-8117-4CAA-99C5-6E8B6E50FBF3}.Debug|Any CPU.ActiveCfg = Debug|Any CPU
		{E100C104-8117-4CAA-99C5-6E8B6E50FBF3}.Debug|Any CPU.Build.0 = Debug|Any CPU
		{E100C104-8117-4CAA-99C5-6E8B6E50FBF3}.Release|Any CPU.ActiveCfg = Release|Any CPU
		{E100C104-8117-4CAA-99C5-6E8B6E50FBF3}.Release|Any CPU.Build.0 = Release|Any CPU
		{DFD08682-83EE-4155-9B44-064A3B1A04DC}.Debug|Any CPU.ActiveCfg = Debug|Any CPU
		{DFD08682-83EE-4155-9B44-064A3B1A04DC}.Debug|Any CPU.Build.0 = Debug|Any CPU
		{DFD08682-83EE-4155-9B44-064A3B1A04DC}.Release|Any CPU.ActiveCfg = Release|Any CPU
		{DFD08682-83EE-4155-9B44-064A3B1A04DC}.Release|Any CPU.Build.0 = Release|Any CPU
	EndGlobalSection
	GlobalSection(SolutionProperties) = preSolution
		HideSolutionNode = FALSE
	EndGlobalSection
EndGlobal
